
Microsoft Visual Studio Solution File, Format Version 12.00
# Visual Studio Version 16
VisualStudioVersion = 16.0.30907.101
MinimumVisualStudioVersion = 10.0.40219.1
Project("{FAE04EC0-301F-11D3-BF4B-00C04F79EFBC}") = "ASPACTIVITYMAY26", "ASPACTIVITYMAY26\ASPACTIVITYMAY26.csproj", "{925EB8C7-5487-4D0F-9C82-C496F28323D4}"
EndProject
Global
	GlobalSection(SolutionConfigurationPlatforms) = preSolution
		Debug|Any CPU = Debug|Any CPU
		Release|Any CPU = Release|Any CPU
	EndGlobalSection
	GlobalSection(ProjectConfigurationPlatforms) = postSolution
		{925EB8C7-5487-4D0F-9C82-C496F28323D4}.Debug|Any CPU.ActiveCfg = Debug|Any CPU
		{925EB8C7-5487-4D0F-9C82-C496F28323D4}.Debug|Any CPU.Build.0 = Debug|Any CPU
		{925EB8C7-5487-4D0F-9C82-C496F28323D4}.Release|Any CPU.ActiveCfg = Release|Any CPU
		{925EB8C7-5487-4D0F-9C82-C496F28323D4}.Release|Any CPU.Build.0 = Release|Any CPU
	EndGlobalSection
	GlobalSection(SolutionProperties) = preSolution
		HideSolutionNode = FALSE
	EndGlobalSection
	GlobalSection(ExtensibilityGlobals) = postSolution
		SolutionGuid = {EEC394E7-F2F3-4585-AE8A-C052BF8D56AE}
	EndGlobalSection
EndGlobal
